
Microsoft Visual Studio Solution File, Format Version 12.00
# Visual Studio 15
VisualStudioVersion = 15.0.28307.1062
MinimumVisualStudioVersion = 10.0.40219.1
Project("{FAE04EC0-301F-11D3-BF4B-00C04F79EFBC}") = "WindowsFormsApp1", "WindowsFormsApp1\WindowsFormsApp1.csproj", "{BB6394AE-52D0-4716-9010-83931C39902E}"
EndProject
Global
	GlobalSection(SolutionConfigurationPlatforms) = preSolution
		Debug|Any CPU = Debug|Any CPU
		Release|Any CPU = Release|Any CPU
	EndGlobalSection
	GlobalSection(ProjectConfigurationPlatforms) = postSolution
		{BB6394AE-52D0-4716-9010-83931C39902E}.Debug|Any CPU.ActiveCfg = Debug|Any CPU
		{BB6394AE-52D0-4716-9010-83931C39902E}.Debug|Any CPU.Build.0 = Debug|Any CPU
		{BB6394AE-52D0-4716-9010-83931C39902E}.Release|Any CPU.ActiveCfg = Release|Any CPU
		{BB6394AE-52D0-4716-9010-83931C39902E}.Release|Any CPU.Build.0 = Release|Any CPU
	EndGlobalSection
	GlobalSection(SolutionProperties) = preSolution
		HideSolutionNode = FALSE
	EndGlobalSection
	GlobalSection(ExtensibilityGlobals) = postSolution
		SolutionGuid = {4E8FBD35-8EEA-4A63-B8E5-B13B677223B8}
	EndGlobalSection
EndGlobal
